
Microsoft Visual Studio Solution File, Format Version 12.00
# Visual Studio Version 16
VisualStudioVersion = 16.0.30717.126
MinimumVisualStudioVersion = 10.0.40219.1
Project("{2150E333-8FDC-42A3-9474-1A3956D46DE8}") = "CH_8_SRP", "CH_8_SRP", "{724ED36D-14C2-4B34-A0BF-377166043640}"
EndProject
Project("{9A19103F-16F7-4668-BE54-9A1E7A4F7556}") = "SRP", "CH_8_SRP\SRP\SRP.csproj", "{187CA1F1-B6A3-41D1-8230-41BAD5A89639}"
EndProject
Project("{2150E333-8FDC-42A3-9474-1A3956D46DE8}") = "CH_9_OCP", "CH_9_OCP", "{098CE1FB-1C61-4F6E-935C-82B14DD51EA4}"
EndProject
Project("{9A19103F-16F7-4668-BE54-9A1E7A4F7556}") = "OCP", "CH_9_OCP\OCP\OCP.csproj", "{8CCE587C-8949-4EA4-BCC2-E5FD5D237426}"
EndProject
Project("{2150E333-8FDC-42A3-9474-1A3956D46DE8}") = "CH_10_LSP", "CH_10_LSP", "{5A395849-70FF-4042-8BF5-47FBF428C73F}"
EndProject
Project("{9A19103F-16F7-4668-BE54-9A1E7A4F7556}") = "LSP", "CH_10_LSP\LSP\LSP.csproj", "{E00588EC-DF88-438D-99E0-31D29ADA98A2}"
EndProject
Project("{2150E333-8FDC-42A3-9474-1A3956D46DE8}") = "CH_11_DIP", "CH_11_DIP", "{81DCC8BE-5BDE-4C36-A515-89B74D2854EB}"
EndProject
Project("{9A19103F-16F7-4668-BE54-9A1E7A4F7556}") = "DIP", "CH_11_DIP\DIP\DIP.csproj", "{A7833001-3E87-4174-A4C2-425EEE2F31B3}"
EndProject
Project("{2150E333-8FDC-42A3-9474-1A3956D46DE8}") = "CH_12_ISP", "CH_12_ISP", "{529FEBB8-E81B-4EED-B6E5-726844203D3B}"
EndProject
Project("{9A19103F-16F7-4668-BE54-9A1E7A4F7556}") = "ISP", "CH_12_ISP\ISP\ISP.csproj", "{6347476E-AD8A-42D5-A4CF-33EF40A0FA82}"
EndProject
Project("{2150E333-8FDC-42A3-9474-1A3956D46DE8}") = "Design_Patterns", "Design_Patterns", "{80822F34-B552-4722-B49F-394251C14C65}"
	ProjectSection(SolutionItems) = preProject
		Design_Patterns\UMLIcon.png = Design_Patterns\UMLIcon.png
		Design_Patterns\學習順序.png = Design_Patterns\學習順序.png
	EndProjectSection
EndProject
Project("{2150E333-8FDC-42A3-9474-1A3956D46DE8}") = "Creational_Patterns", "Creational_Patterns", "{56F7ECAE-0CEE-4C7B-898D-60F7112BFB2C}"
EndProject
Project("{2150E333-8FDC-42A3-9474-1A3956D46DE8}") = "Structural_Patterns", "Structural_Patterns", "{D4D44B75-1398-41EC-87A9-F5821C05CB6C}"
EndProject
Project("{2150E333-8FDC-42A3-9474-1A3956D46DE8}") = "Behavioral_Patterns", "Behavioral_Patterns", "{153281E8-4062-4750-93FA-2391EC29EA1D}"
EndProject
Project("{9A19103F-16F7-4668-BE54-9A1E7A4F7556}") = "Strategy", "Design_Patterns\Behavioral_Patterns\Strategy\Strategy.csproj", "{3FA0DE0E-386D-4928-A622-E73A25336DC1}"
EndProject
Project("{9A19103F-16F7-4668-BE54-9A1E7A4F7556}") = "Composite", "Design_Patterns\Structural_Patterns\Composite\Composite.csproj", "{03D6A804-7A02-40BE-8813-09B630D79DB0}"
EndProject
Project("{FAE04EC0-301F-11D3-BF4B-00C04F79EFBC}") = "Singleton", "Design_Patterns\Creational_Patterns\Singleton\Singleton.csproj", "{6F5A74B9-C23F-4040-9D0F-C1A579CF070A}"
EndProject
Global
	GlobalSection(SolutionConfigurationPlatforms) = preSolution
		Debug|Any CPU = Debug|Any CPU
		Release|Any CPU = Release|Any CPU
	EndGlobalSection
	GlobalSection(ProjectConfigurationPlatforms) = postSolution
		{187CA1F1-B6A3-41D1-8230-41BAD5A89639}.Debug|Any CPU.ActiveCfg = Debug|Any CPU
		{187CA1F1-B6A3-41D1-8230-41BAD5A89639}.Debug|Any CPU.Build.0 = Debug|Any CPU
		{187CA1F1-B6A3-41D1-8230-41BAD5A89639}.Release|Any CPU.ActiveCfg = Release|Any CPU
		{187CA1F1-B6A3-41D1-8230-41BAD5A89639}.Release|Any CPU.Build.0 = Release|Any CPU
		{8CCE587C-8949-4EA4-BCC2-E5FD5D237426}.Debug|Any CPU.ActiveCfg = Debug|Any CPU
		{8CCE587C-8949-4EA4-BCC2-E5FD5D237426}.Debug|Any CPU.Build.0 = Debug|Any CPU
		{8CCE587C-8949-4EA4-BCC2-E5FD5D237426}.Release|Any CPU.ActiveCfg = Release|Any CPU
		{8CCE587C-8949-4EA4-BCC2-E5FD5D237426}.Release|Any CPU.Build.0 = Release|Any CPU
		{E00588EC-DF88-438D-99E0-31D29ADA98A2}.Debug|Any CPU.ActiveCfg = Debug|Any CPU
		{E00588EC-DF88-438D-99E0-31D29ADA98A2}.Debug|Any CPU.Build.0 = Debug|Any CPU
		{E00588EC-DF88-438D-99E0-31D29ADA98A2}.Release|Any CPU.ActiveCfg = Release|Any CPU
		{E00588EC-DF88-438D-99E0-31D29ADA98A2}.Release|Any CPU.Build.0 = Release|Any CPU
		{A7833001-3E87-4174-A4C2-425EEE2F31B3}.Debug|Any CPU.ActiveCfg = Debug|Any CPU
		{A7833001-3E87-4174-A4C2-425EEE2F31B3}.Debug|Any CPU.Build.0 = Debug|Any CPU
		{A7833001-3E87-4174-A4C2-425EEE2F31B3}.Release|Any CPU.ActiveCfg = Release|Any CPU
		{A7833001-3E87-4174-A4C2-425EEE2F31B3}.Release|Any CPU.Build.0 = Release|Any CPU
		{6347476E-AD8A-42D5-A4CF-33EF40A0FA82}.Debug|Any CPU.ActiveCfg = Debug|Any CPU
		{6347476E-AD8A-42D5-A4CF-33EF40A0FA82}.Debug|Any CPU.Build.0 = Debug|Any CPU
		{6347476E-AD8A-42D5-A4CF-33EF40A0FA82}.Release|Any CPU.ActiveCfg = Release|Any CPU
		{6347476E-AD8A-42D5-A4CF-33EF40A0FA82}.Release|Any CPU.Build.0 = Release|Any CPU
		{3FA0DE0E-386D-4928-A622-E73A25336DC1}.Debug|Any CPU.ActiveCfg = Debug|Any CPU
		{3FA0DE0E-386D-4928-A622-E73A25336DC1}.Debug|Any CPU.Build.0 = Debug|Any CPU
		{3FA0DE0E-386D-4928-A622-E73A25336DC1}.Release|Any CPU.ActiveCfg = Release|Any CPU
		{3FA0DE0E-386D-4928-A622-E73A25336DC1}.Release|Any CPU.Build.0 = Release|Any CPU
		{03D6A804-7A02-40BE-8813-09B630D79DB0}.Debug|Any CPU.ActiveCfg = Debug|Any CPU
		{03D6A804-7A02-40BE-8813-09B630D79DB0}.Debug|Any CPU.Build.0 = Debug|Any CPU
		{03D6A804-7A02-40BE-8813-09B630D79DB0}.Release|Any CPU.ActiveCfg = Release|Any CPU
		{03D6A804-7A02-40BE-8813-09B630D79DB0}.Release|Any CPU.Build.0 = Release|Any CPU
		{6F5A74B9-C23F-4040-9D0F-C1A579CF070A}.Debug|Any CPU.ActiveCfg = Debug|Any CPU
		{6F5A74B9-C23F-4040-9D0F-C1A579CF070A}.Debug|Any CPU.Build.0 = Debug|Any CPU
		{6F5A74B9-C23F-4040-9D0F-C1A579CF070A}.Release|Any CPU.ActiveCfg = Release|Any CPU
		{6F5A74B9-C23F-4040-9D0F-C1A579CF070A}.Release|Any CPU.Build.0 = Release|Any CPU
	EndGlobalSection
	GlobalSection(SolutionProperties) = preSolution
		HideSolutionNode = FALSE
	EndGlobalSection
	GlobalSection(NestedProjects) = preSolution
		{187CA1F1-B6A3-41D1-8230-41BAD5A89639} = {724ED36D-14C2-4B34-A0BF-377166043640}
		{8CCE587C-8949-4EA4-BCC2-E5FD5D237426} = {098CE1FB-1C61-4F6E-935C-82B14DD51EA4}
		{E00588EC-DF88-438D-99E0-31D29ADA98A2} = {5A395849-70FF-4042-8BF5-47FBF428C73F}
		{A7833001-3E87-4174-A4C2-425EEE2F31B3} = {81DCC8BE-5BDE-4C36-A515-89B74D2854EB}
		{6347476E-AD8A-42D5-A4CF-33EF40A0FA82} = {529FEBB8-E81B-4EED-B6E5-726844203D3B}
		{56F7ECAE-0CEE-4C7B-898D-60F7112BFB2C} = {80822F34-B552-4722-B49F-394251C14C65}
		{D4D44B75-1398-41EC-87A9-F5821C05CB6C} = {80822F34-B552-4722-B49F-394251C14C65}
		{153281E8-4062-4750-93FA-2391EC29EA1D} = {80822F34-B552-4722-B49F-394251C14C65}
		{3FA0DE0E-386D-4928-A622-E73A25336DC1} = {153281E8-4062-4750-93FA-2391EC29EA1D}
		{03D6A804-7A02-40BE-8813-09B630D79DB0} = {D4D44B75-1398-41EC-87A9-F5821C05CB6C}
		{6F5A74B9-C23F-4040-9D0F-C1A579CF070A} = {56F7ECAE-0CEE-4C7B-898D-60F7112BFB2C}
	EndGlobalSection
	GlobalSection(ExtensibilityGlobals) = postSolution
		SolutionGuid = {38D5D541-CF20-438C-830A-C2D6826C2D7A}
	EndGlobalSection
EndGlobal
